// !$*UTF8*$!
{
	archiveVersion = 1;
	classes = {
	};
	objectVersion = 77;
	objects = {

/* Begin PBXBuildFile section */
		6C16D21A2E84002F0089E4CF /* SideMenuButton.swift in Sources */ = {isa = PBXBuildFile; fileRef = 6C16D2192E84002F0089E4CF /* SideMenuButton.swift */; };
		6C994E0F2E918AF9009BDF39 /* BaseContentViewController.swift in Sources */ = {isa = PBXBuildFile; fileRef = 6C994E0E2E918AF8009BDF39 /* BaseContentViewController.swift */; };
		6C994E122E918BFC009BDF39 /* OOPViewController.swift in Sources */ = {isa = PBXBuildFile; fileRef = 6C994E112E918BFC009BDF39 /* OOPViewController.swift */; };
		6C994E142E918C44009BDF39 /* ArchitecturalPatternsViewController.swift in Sources */ = {isa = PBXBuildFile; fileRef = 6C994E132E918C44009BDF39 /* ArchitecturalPatternsViewController.swift */; };
		6C994E182E918CB7009BDF39 /* SOLIDViewController.swift in Sources */ = {isa = PBXBuildFile; fileRef = 6C994E172E918CB7009BDF39 /* SOLIDViewController.swift */; };
		6C994E1C2E918D65009BDF39 /* FavoriteViewController.swift in Sources */ = {isa = PBXBuildFile; fileRef = 6C994E1B2E918D65009BDF39 /* FavoriteViewController.swift */; };
		6C994E242E946718009BDF39 /* PatternDetailsViewController.swift in Sources */ = {isa = PBXBuildFile; fileRef = 6C994E232E946718009BDF39 /* PatternDetailsViewController.swift */; };
		6C994E262E946D97009BDF39 /* BottomSheetViewController.swift in Sources */ = {isa = PBXBuildFile; fileRef = 6C994E252E946D96009BDF39 /* BottomSheetViewController.swift */; };
		6C994E2C2E9D31C4009BDF39 /* FontExtension.swift in Sources */ = {isa = PBXBuildFile; fileRef = 6C994E2B2E9D31C4009BDF39 /* FontExtension.swift */; };
		6C9E79932E62517B00EB03D6 /* AppDelegate.swift in Sources */ = {isa = PBXBuildFile; fileRef = 6C9E798C2E62517B00EB03D6 /* AppDelegate.swift */; };
		6C9E79942E62517B00EB03D6 /* SceneDelegate.swift in Sources */ = {isa = PBXBuildFile; fileRef = 6C9E79912E62517B00EB03D6 /* SceneDelegate.swift */; };
		6C9E79952E62517B00EB03D6 /* .gitignore in Resources */ = {isa = PBXBuildFile; fileRef = 6C9E798B2E62517B00EB03D6 /* .gitignore */; };
		6C9E79962E62517B00EB03D6 /* Assets.xcassets in Resources */ = {isa = PBXBuildFile; fileRef = 6C9E798D2E62517B00EB03D6 /* Assets.xcassets */; };
		6C9E79982E62517B00EB03D6 /* LaunchScreen.storyboard in Resources */ = {isa = PBXBuildFile; fileRef = 6C9E79902E62517B00EB03D6 /* LaunchScreen.storyboard */; };
		6C9E79B22E62520B00EB03D6 /* DesignPatternsViewController.swift in Sources */ = {isa = PBXBuildFile; fileRef = 6C9E79B12E62520B00EB03D6 /* DesignPatternsViewController.swift */; };
		6C9E79B42E62520F00EB03D6 /* PatternModel.swift in Sources */ = {isa = PBXBuildFile; fileRef = 6C9E79B32E62520F00EB03D6 /* PatternModel.swift */; };
		6C9E79B62E62521300EB03D6 /* PatternTableViewCell.swift in Sources */ = {isa = PBXBuildFile; fileRef = 6C9E79B52E62521300EB03D6 /* PatternTableViewCell.swift */; };
		6C9E7A8D2E63412A00EB03D6 /* SnapKit in Frameworks */ = {isa = PBXBuildFile; productRef = 6C9E7A8C2E63412A00EB03D6 /* SnapKit */; };
		6C9E7A8F2E63653000EB03D6 /* SF-Pro.ttf in Resources */ = {isa = PBXBuildFile; fileRef = 6C9E7A8E2E63653000EB03D6 /* SF-Pro.ttf */; };
		6CB1DAA12E648FE6009CF33B /* HeaderView.swift in Sources */ = {isa = PBXBuildFile; fileRef = 6CB1DAA02E648FE6009CF33B /* HeaderView.swift */; };
		6CB1DAA32E65D767009CF33B /* SideMenuViewController.swift in Sources */ = {isa = PBXBuildFile; fileRef = 6CB1DAA22E65D767009CF33B /* SideMenuViewController.swift */; };
		6CB1DABF2E6789B8009CF33B /* ContainerViewController.swift in Sources */ = {isa = PBXBuildFile; fileRef = 6CB1DABE2E6789B8009CF33B /* ContainerViewController.swift */; };
/* End PBXBuildFile section */

/* Begin PBXFileReference section */
		6C16D2192E84002F0089E4CF /* SideMenuButton.swift */ = {isa = PBXFileReference; lastKnownFileType = sourcecode.swift; path = SideMenuButton.swift; sourceTree = "<group>"; };
		6C994E0E2E918AF8009BDF39 /* BaseContentViewController.swift */ = {isa = PBXFileReference; lastKnownFileType = sourcecode.swift; path = BaseContentViewController.swift; sourceTree = "<group>"; };
		6C994E112E918BFC009BDF39 /* OOPViewController.swift */ = {isa = PBXFileReference; lastKnownFileType = sourcecode.swift; path = OOPViewController.swift; sourceTree = "<group>"; };
		6C994E132E918C44009BDF39 /* ArchitecturalPatternsViewController.swift */ = {isa = PBXFileReference; lastKnownFileType = sourcecode.swift; path = ArchitecturalPatternsViewController.swift; sourceTree = "<group>"; };
		6C994E172E918CB7009BDF39 /* SOLIDViewController.swift */ = {isa = PBXFileReference; lastKnownFileType = sourcecode.swift; path = SOLIDViewController.swift; sourceTree = "<group>"; };
		6C994E1B2E918D65009BDF39 /* FavoriteViewController.swift */ = {isa = PBXFileReference; lastKnownFileType = sourcecode.swift; path = FavoriteViewController.swift; sourceTree = "<group>"; };
		6C994E232E946718009BDF39 /* PatternDetailsViewController.swift */ = {isa = PBXFileReference; lastKnownFileType = sourcecode.swift; path = PatternDetailsViewController.swift; sourceTree = "<group>"; };
		6C994E252E946D96009BDF39 /* BottomSheetViewController.swift */ = {isa = PBXFileReference; lastKnownFileType = sourcecode.swift; path = BottomSheetViewController.swift; sourceTree = "<group>"; };
		6C994E2B2E9D31C4009BDF39 /* FontExtension.swift */ = {isa = PBXFileReference; lastKnownFileType = sourcecode.swift; path = FontExtension.swift; sourceTree = "<group>"; };
		6C9E791F2E62469A00EB03D6 /* ArchitecturePatternsAppV2.app */ = {isa = PBXFileReference; explicitFileType = wrapper.application; includeInIndex = 0; path = ArchitecturePatternsAppV2.app; sourceTree = BUILT_PRODUCTS_DIR; };
		6C9E798B2E62517B00EB03D6 /* .gitignore */ = {isa = PBXFileReference; lastKnownFileType = text; path = .gitignore; sourceTree = "<group>"; };
		6C9E798C2E62517B00EB03D6 /* AppDelegate.swift */ = {isa = PBXFileReference; lastKnownFileType = sourcecode.swift; path = AppDelegate.swift; sourceTree = "<group>"; };
		6C9E798D2E62517B00EB03D6 /* Assets.xcassets */ = {isa = PBXFileReference; lastKnownFileType = folder.assetcatalog; path = Assets.xcassets; sourceTree = "<group>"; };
		6C9E798E2E62517B00EB03D6 /* Info.plist */ = {isa = PBXFileReference; lastKnownFileType = text.plist.xml; path = Info.plist; sourceTree = "<group>"; };
		6C9E798F2E62517B00EB03D6 /* Base */ = {isa = PBXFileReference; lastKnownFileType = file.storyboard; name = Base; path = Base.lproj/LaunchScreen.storyboard; sourceTree = "<group>"; };
		6C9E79912E62517B00EB03D6 /* SceneDelegate.swift */ = {isa = PBXFileReference; lastKnownFileType = sourcecode.swift; path = SceneDelegate.swift; sourceTree = "<group>"; };
		6C9E79B12E62520B00EB03D6 /* DesignPatternsViewController.swift */ = {isa = PBXFileReference; lastKnownFileType = sourcecode.swift; path = DesignPatternsViewController.swift; sourceTree = "<group>"; };
		6C9E79B32E62520F00EB03D6 /* PatternModel.swift */ = {isa = PBXFileReference; lastKnownFileType = sourcecode.swift; path = PatternModel.swift; sourceTree = "<group>"; };
		6C9E79B52E62521300EB03D6 /* PatternTableViewCell.swift */ = {isa = PBXFileReference; lastKnownFileType = sourcecode.swift; path = PatternTableViewCell.swift; sourceTree = "<group>"; };
		6C9E7A8E2E63653000EB03D6 /* SF-Pro.ttf */ = {isa = PBXFileReference; lastKnownFileType = file; path = "SF-Pro.ttf"; sourceTree = "<group>"; };
		6CB1DAA02E648FE6009CF33B /* HeaderView.swift */ = {isa = PBXFileReference; lastKnownFileType = sourcecode.swift; path = HeaderView.swift; sourceTree = "<group>"; };
		6CB1DAA22E65D767009CF33B /* SideMenuViewController.swift */ = {isa = PBXFileReference; lastKnownFileType = sourcecode.swift; path = SideMenuViewController.swift; sourceTree = "<group>"; };
		6CB1DABE2E6789B8009CF33B /* ContainerViewController.swift */ = {isa = PBXFileReference; lastKnownFileType = sourcecode.swift; path = ContainerViewController.swift; sourceTree = "<group>"; };
/* End PBXFileReference section */

/* Begin PBXFrameworksBuildPhase section */
		6C9E791C2E62469A00EB03D6 /* Frameworks */ = {
			isa = PBXFrameworksBuildPhase;
			buildActionMask = 2147483647;
			files = (
				6C9E7A8D2E63412A00EB03D6 /* SnapKit in Frameworks */,
			);
			runOnlyForDeploymentPostprocessing = 0;
		};
/* End PBXFrameworksBuildPhase section */

/* Begin PBXGroup section */
		6C994E102E918BAB009BDF39 /* ContentViewControllers */ = {
			isa = PBXGroup;
			children = (
				6C994E1B2E918D65009BDF39 /* FavoriteViewController.swift */,
				6C994E112E918BFC009BDF39 /* OOPViewController.swift */,
				6C994E132E918C44009BDF39 /* ArchitecturalPatternsViewController.swift */,
				6C994E172E918CB7009BDF39 /* SOLIDViewController.swift */,
				6C9E79B12E62520B00EB03D6 /* DesignPatternsViewController.swift */,
			);
			path = ContentViewControllers;
			sourceTree = "<group>";
		};
		6C994E282E9D2F73009BDF39 /* Extensions */ = {
			isa = PBXGroup;
			children = (
				6C994E2B2E9D31C4009BDF39 /* FontExtension.swift */,
			);
			path = Extensions;
			sourceTree = "<group>";
		};
		6C9E79162E62469A00EB03D6 = {
			isa = PBXGroup;
			children = (
				6C9E79922E62517B00EB03D6 /* ArchitecturePatternsAppV2 */,
				6C9E798B2E62517B00EB03D6 /* .gitignore */,
				6C9E79902E62517B00EB03D6 /* LaunchScreen.storyboard */,
				6C9E79202E62469A00EB03D6 /* Products */,
			);
			sourceTree = "<group>";
		};
		6C9E79202E62469A00EB03D6 /* Products */ = {
			isa = PBXGroup;
			children = (
				6C9E791F2E62469A00EB03D6 /* ArchitecturePatternsAppV2.app */,
			);
			name = Products;
			sourceTree = "<group>";
		};
		6C9E79922E62517B00EB03D6 /* ArchitecturePatternsAppV2 */ = {
			isa = PBXGroup;
			children = (
				6C994E282E9D2F73009BDF39 /* Extensions */,
				6C9E79AD2E6251D500EB03D6 /* View Controllers */,
				6C9E79AF2E6251EF00EB03D6 /* Resources */,
				6C9E79AC2E62519200EB03D6 /* App */,
			);
			path = ArchitecturePatternsAppV2;
			sourceTree = "<group>";
		};
		6C9E79AC2E62519200EB03D6 /* App */ = {
			isa = PBXGroup;
			children = (
				6C9E798C2E62517B00EB03D6 /* AppDelegate.swift */,
				6C9E79912E62517B00EB03D6 /* SceneDelegate.swift */,
				6C9E798E2E62517B00EB03D6 /* Info.plist */,
			);
			path = App;
			sourceTree = "<group>";
		};
		6C9E79AD2E6251D500EB03D6 /* View Controllers */ = {
			isa = PBXGroup;
			children = (
				6C994E102E918BAB009BDF39 /* ContentViewControllers */,
				6C994E0E2E918AF8009BDF39 /* BaseContentViewController.swift */,
				6CB1DAA22E65D767009CF33B /* SideMenuViewController.swift */,
				6C994E232E946718009BDF39 /* PatternDetailsViewController.swift */,
				6CB1DABE2E6789B8009CF33B /* ContainerViewController.swift */,
				6C994E252E946D96009BDF39 /* BottomSheetViewController.swift */,
				6C9E79B02E62520100EB03D6 /* Models */,
				6C9E79AE2E6251E100EB03D6 /* Views */,
			);
			path = "View Controllers";
			sourceTree = "<group>";
		};
		6C9E79AE2E6251E100EB03D6 /* Views */ = {
			isa = PBXGroup;
			children = (
				6C9E79B52E62521300EB03D6 /* PatternTableViewCell.swift */,
				6C16D2192E84002F0089E4CF /* SideMenuButton.swift */,
				6CB1DAA02E648FE6009CF33B /* HeaderView.swift */,
			);
			path = Views;
			sourceTree = "<group>";
		};
		6C9E79AF2E6251EF00EB03D6 /* Resources */ = {
			isa = PBXGroup;
			children = (
				6C9E798D2E62517B00EB03D6 /* Assets.xcassets */,
				6C9E7A8E2E63653000EB03D6 /* SF-Pro.ttf */,
			);
			path = Resources;
			sourceTree = "<group>";
		};
		6C9E79B02E62520100EB03D6 /* Models */ = {
			isa = PBXGroup;
			children = (
				6C9E79B32E62520F00EB03D6 /* PatternModel.swift */,
			);
			path = Models;
			sourceTree = "<group>";
		};
/* End PBXGroup section */

/* Begin PBXNativeTarget section */
		6C9E791E2E62469A00EB03D6 /* ArchitecturePatternsAppV2 */ = {
			isa = PBXNativeTarget;
			buildConfigurationList = 6C9E79322E62469B00EB03D6 /* Build configuration list for PBXNativeTarget "ArchitecturePatternsAppV2" */;
			buildPhases = (
				6C9E791B2E62469A00EB03D6 /* Sources */,
				6C9E791C2E62469A00EB03D6 /* Frameworks */,
				6C9E791D2E62469A00EB03D6 /* Resources */,
			);
			buildRules = (
			);
			dependencies = (
			);
			name = ArchitecturePatternsAppV2;
			packageProductDependencies = (
				6C9E7A8C2E63412A00EB03D6 /* SnapKit */,
			);
			productName = ArchitecturePatternsAppV2;
			productReference = 6C9E791F2E62469A00EB03D6 /* ArchitecturePatternsAppV2.app */;
			productType = "com.apple.product-type.application";
		};
/* End PBXNativeTarget section */

/* Begin PBXProject section */
		6C9E79172E62469A00EB03D6 /* Project object */ = {
			isa = PBXProject;
			attributes = {
				BuildIndependentTargetsInParallel = 1;
				LastSwiftUpdateCheck = 1640;
				LastUpgradeCheck = 1640;
				TargetAttributes = {
					6C9E791E2E62469A00EB03D6 = {
						CreatedOnToolsVersion = 16.4;
					};
				};
			};
			buildConfigurationList = 6C9E791A2E62469A00EB03D6 /* Build configuration list for PBXProject "ArchitecturePatternsAppV2" */;
			developmentRegion = en;
			hasScannedForEncodings = 0;
			knownRegions = (
				en,
				Base,
			);
			mainGroup = 6C9E79162E62469A00EB03D6;
			minimizedProjectReferenceProxies = 1;
			packageReferences = (
				6C9E7A8B2E63412A00EB03D6 /* XCRemoteSwiftPackageReference "SnapKit" */,
			);
			preferredProjectObjectVersion = 77;
			productRefGroup = 6C9E79202E62469A00EB03D6 /* Products */;
			projectDirPath = "";
			projectRoot = "";
			targets = (
				6C9E791E2E62469A00EB03D6 /* ArchitecturePatternsAppV2 */,
			);
		};
/* End PBXProject section */

/* Begin PBXResourcesBuildPhase section */
		6C9E791D2E62469A00EB03D6 /* Resources */ = {
			isa = PBXResourcesBuildPhase;
			buildActionMask = 2147483647;
			files = (
				6C9E79952E62517B00EB03D6 /* .gitignore in Resources */,
				6C9E7A8F2E63653000EB03D6 /* SF-Pro.ttf in Resources */,
				6C9E79962E62517B00EB03D6 /* Assets.xcassets in Resources */,
				6C9E79982E62517B00EB03D6 /* LaunchScreen.storyboard in Resources */,
			);
			runOnlyForDeploymentPostprocessing = 0;
		};
/* End PBXResourcesBuildPhase section */

/* Begin PBXSourcesBuildPhase section */
		6C9E791B2E62469A00EB03D6 /* Sources */ = {
			isa = PBXSourcesBuildPhase;
			buildActionMask = 2147483647;
			files = (
				6C994E142E918C44009BDF39 /* ArchitecturalPatternsViewController.swift in Sources */,
				6C994E242E946718009BDF39 /* PatternDetailsViewController.swift in Sources */,
				6C994E262E946D97009BDF39 /* BottomSheetViewController.swift in Sources */,
				6C16D21A2E84002F0089E4CF /* SideMenuButton.swift in Sources */,
				6C9E79B62E62521300EB03D6 /* PatternTableViewCell.swift in Sources */,
				6CB1DAA12E648FE6009CF33B /* HeaderView.swift in Sources */,
				6C994E2C2E9D31C4009BDF39 /* FontExtension.swift in Sources */,
				6CB1DABF2E6789B8009CF33B /* ContainerViewController.swift in Sources */,
				6C9E79B42E62520F00EB03D6 /* PatternModel.swift in Sources */,
				6C994E0F2E918AF9009BDF39 /* BaseContentViewController.swift in Sources */,
				6C9E79B22E62520B00EB03D6 /* DesignPatternsViewController.swift in Sources */,
				6C9E79932E62517B00EB03D6 /* AppDelegate.swift in Sources */,
				6C9E79942E62517B00EB03D6 /* SceneDelegate.swift in Sources */,
				6C994E1C2E918D65009BDF39 /* FavoriteViewController.swift in Sources */,
				6C994E122E918BFC009BDF39 /* OOPViewController.swift in Sources */,
				6C994E182E918CB7009BDF39 /* SOLIDViewController.swift in Sources */,
				6CB1DAA32E65D767009CF33B /* SideMenuViewController.swift in Sources */,
			);
			runOnlyForDeploymentPostprocessing = 0;
		};
/* End PBXSourcesBuildPhase section */

/* Begin PBXVariantGroup section */
		6C9E79902E62517B00EB03D6 /* LaunchScreen.storyboard */ = {
			isa = PBXVariantGroup;
			children = (
				6C9E798F2E62517B00EB03D6 /* Base */,
			);
			name = LaunchScreen.storyboard;
			sourceTree = "<group>";
		};
/* End PBXVariantGroup section */

/* Begin XCBuildConfiguration section */
		6C9E79332E62469B00EB03D6 /* Debug */ = {
			isa = XCBuildConfiguration;
			buildSettings = {
				ASSETCATALOG_COMPILER_APPICON_NAME = AppIcon;
				ASSETCATALOG_COMPILER_GLOBAL_ACCENT_COLOR_NAME = AccentColor;
				CODE_SIGN_STYLE = Automatic;
				CURRENT_PROJECT_VERSION = 1;
				GENERATE_INFOPLIST_FILE = YES;
				INFOPLIST_FILE = ArchitecturePatternsAppV2/App/Info.plist;
				INFOPLIST_KEY_UIApplicationSupportsIndirectInputEvents = YES;
				INFOPLIST_KEY_UILaunchStoryboardName = LaunchScreen;
				INFOPLIST_KEY_UISupportedInterfaceOrientations_iPad = "UIInterfaceOrientationPortrait UIInterfaceOrientationPortraitUpsideDown UIInterfaceOrientationLandscapeLeft UIInterfaceOrientationLandscapeRight";
				INFOPLIST_KEY_UISupportedInterfaceOrientations_iPhone = "UIInterfaceOrientationPortrait UIInterfaceOrientationLandscapeLeft UIInterfaceOrientationLandscapeRight";
				IPHONEOS_DEPLOYMENT_TARGET = 15.6;
				LD_RUNPATH_SEARCH_PATHS = (
					"$(inherited)",
					"@executable_path/Frameworks",
				);
				MARKETING_VERSION = 1.0;
				PRODUCT_BUNDLE_IDENTIFIER = OZ.ArchitecturePatternsAppV2;
				PRODUCT_NAME = "$(TARGET_NAME)";
				SUPPORTED_PLATFORMS = "iphoneos iphonesimulator";
				SUPPORTS_MACCATALYST = NO;
				SUPPORTS_MAC_DESIGNED_FOR_IPHONE_IPAD = NO;
				SUPPORTS_XR_DESIGNED_FOR_IPHONE_IPAD = NO;
				SWIFT_EMIT_LOC_STRINGS = YES;
				SWIFT_VERSION = 5.0;
				TARGETED_DEVICE_FAMILY = 1;
			};
			name = Debug;
		};
		6C9E79342E62469B00EB03D6 /* Release */ = {
			isa = XCBuildConfiguration;
			buildSettings = {
				ASSETCATALOG_COMPILER_APPICON_NAME = AppIcon;
				ASSETCATALOG_COMPILER_GLOBAL_ACCENT_COLOR_NAME = AccentColor;
				CODE_SIGN_STYLE = Automatic;
				CURRENT_PROJECT_VERSION = 1;
				GENERATE_INFOPLIST_FILE = YES;
				INFOPLIST_FILE = ArchitecturePatternsAppV2/App/Info.plist;
				INFOPLIST_KEY_UIApplicationSupportsIndirectInputEvents = YES;
				INFOPLIST_KEY_UILaunchStoryboardName = LaunchScreen;
				INFOPLIST_KEY_UISupportedInterfaceOrientations_iPad = "UIInterfaceOrientationPortrait UIInterfaceOrientationPortraitUpsideDown UIInterfaceOrientationLandscapeLeft UIInterfaceOrientationLandscapeRight";
				INFOPLIST_KEY_UISupportedInterfaceOrientations_iPhone = "UIInterfaceOrientationPortrait UIInterfaceOrientationLandscapeLeft UIInterfaceOrientationLandscapeRight";
				IPHONEOS_DEPLOYMENT_TARGET = 15.6;
				LD_RUNPATH_SEARCH_PATHS = (
					"$(inherited)",
					"@executable_path/Frameworks",
				);
				MARKETING_VERSION = 1.0;
				PRODUCT_BUNDLE_IDENTIFIER = OZ.ArchitecturePatternsAppV2;
				PRODUCT_NAME = "$(TARGET_NAME)";
				SUPPORTED_PLATFORMS = "iphoneos iphonesimulator";
				SUPPORTS_MACCATALYST = NO;
				SUPPORTS_MAC_DESIGNED_FOR_IPHONE_IPAD = NO;
				SUPPORTS_XR_DESIGNED_FOR_IPHONE_IPAD = NO;
				SWIFT_EMIT_LOC_STRINGS = YES;
				SWIFT_VERSION = 5.0;
				TARGETED_DEVICE_FAMILY = 1;
			};
			name = Release;
		};
		6C9E79352E62469B00EB03D6 /* Debug */ = {
			isa = XCBuildConfiguration;
			buildSettings = {
				ALWAYS_SEARCH_USER_PATHS = NO;
				ASSETCATALOG_COMPILER_GENERATE_SWIFT_ASSET_SYMBOL_EXTENSIONS = YES;
				CLANG_ANALYZER_NONNULL = YES;
				CLANG_ANALYZER_NUMBER_OBJECT_CONVERSION = YES_AGGRESSIVE;
				CLANG_CXX_LANGUAGE_STANDARD = "gnu++20";
				CLANG_ENABLE_MODULES = YES;
				CLANG_ENABLE_OBJC_ARC = YES;
				CLANG_ENABLE_OBJC_WEAK = YES;
				CLANG_WARN_BLOCK_CAPTURE_AUTORELEASING = YES;
				CLANG_WARN_BOOL_CONVERSION = YES;
				CLANG_WARN_COMMA = YES;
				CLANG_WARN_CONSTANT_CONVERSION = YES;
				CLANG_WARN_DEPRECATED_OBJC_IMPLEMENTATIONS = YES;
				CLANG_WARN_DIRECT_OBJC_ISA_USAGE = YES_ERROR;
				CLANG_WARN_DOCUMENTATION_COMMENTS = YES;
				CLANG_WARN_EMPTY_BODY = YES;
				CLANG_WARN_ENUM_CONVERSION = YES;
				CLANG_WARN_INFINITE_RECURSION = YES;
				CLANG_WARN_INT_CONVERSION = YES;
				CLANG_WARN_NON_LITERAL_NULL_CONVERSION = YES;
				CLANG_WARN_OBJC_IMPLICIT_RETAIN_SELF = YES;
				CLANG_WARN_OBJC_LITERAL_CONVERSION = YES;
				CLANG_WARN_OBJC_ROOT_CLASS = YES_ERROR;
				CLANG_WARN_QUOTED_INCLUDE_IN_FRAMEWORK_HEADER = YES;
				CLANG_WARN_RANGE_LOOP_ANALYSIS = YES;
				CLANG_WARN_STRICT_PROTOTYPES = YES;
				CLANG_WARN_SUSPICIOUS_MOVE = YES;
				CLANG_WARN_UNGUARDED_AVAILABILITY = YES_AGGRESSIVE;
				CLANG_WARN_UNREACHABLE_CODE = YES;
				CLANG_WARN__DUPLICATE_METHOD_MATCH = YES;
				COPY_PHASE_STRIP = NO;
				DEBUG_INFORMATION_FORMAT = dwarf;
				ENABLE_STRICT_OBJC_MSGSEND = YES;
				ENABLE_TESTABILITY = YES;
				ENABLE_USER_SCRIPT_SANDBOXING = YES;
				GCC_C_LANGUAGE_STANDARD = gnu17;
				GCC_DYNAMIC_NO_PIC = NO;
				GCC_NO_COMMON_BLOCKS = YES;
				GCC_OPTIMIZATION_LEVEL = 0;
				GCC_PREPROCESSOR_DEFINITIONS = (
					"DEBUG=1",
					"$(inherited)",
				);
				GCC_WARN_64_TO_32_BIT_CONVERSION = YES;
				GCC_WARN_ABOUT_RETURN_TYPE = YES_ERROR;
				GCC_WARN_UNDECLARED_SELECTOR = YES;
				GCC_WARN_UNINITIALIZED_AUTOS = YES_AGGRESSIVE;
				GCC_WARN_UNUSED_FUNCTION = YES;
				GCC_WARN_UNUSED_VARIABLE = YES;
				IPHONEOS_DEPLOYMENT_TARGET = 18.5;
				LOCALIZATION_PREFERS_STRING_CATALOGS = YES;
				MTL_ENABLE_DEBUG_INFO = INCLUDE_SOURCE;
				MTL_FAST_MATH = YES;
				ONLY_ACTIVE_ARCH = YES;
				SDKROOT = iphoneos;
				SWIFT_ACTIVE_COMPILATION_CONDITIONS = "DEBUG $(inherited)";
				SWIFT_OPTIMIZATION_LEVEL = "-Onone";
			};
			name = Debug;
		};
		6C9E79362E62469B00EB03D6 /* Release */ = {
			isa = XCBuildConfiguration;
			buildSettings = {
				ALWAYS_SEARCH_USER_PATHS = NO;
				ASSETCATALOG_COMPILER_GENERATE_SWIFT_ASSET_SYMBOL_EXTENSIONS = YES;
				CLANG_ANALYZER_NONNULL = YES;
				CLANG_ANALYZER_NUMBER_OBJECT_CONVERSION = YES_AGGRESSIVE;
				CLANG_CXX_LANGUAGE_STANDARD = "gnu++20";
				CLANG_ENABLE_MODULES = YES;
				CLANG_ENABLE_OBJC_ARC = YES;
				CLANG_ENABLE_OBJC_WEAK = YES;
				CLANG_WARN_BLOCK_CAPTURE_AUTORELEASING = YES;
				CLANG_WARN_BOOL_CONVERSION = YES;
				CLANG_WARN_COMMA = YES;
				CLANG_WARN_CONSTANT_CONVERSION = YES;
				CLANG_WARN_DEPRECATED_OBJC_IMPLEMENTATIONS = YES;
				CLANG_WARN_DIRECT_OBJC_ISA_USAGE = YES_ERROR;
				CLANG_WARN_DOCUMENTATION_COMMENTS = YES;
				CLANG_WARN_EMPTY_BODY = YES;
				CLANG_WARN_ENUM_CONVERSION = YES;
				CLANG_WARN_INFINITE_RECURSION = YES;
				CLANG_WARN_INT_CONVERSION = YES;
				CLANG_WARN_NON_LITERAL_NULL_CONVERSION = YES;
				CLANG_WARN_OBJC_IMPLICIT_RETAIN_SELF = YES;
				CLANG_WARN_OBJC_LITERAL_CONVERSION = YES;
				CLANG_WARN_OBJC_ROOT_CLASS = YES_ERROR;
				CLANG_WARN_QUOTED_INCLUDE_IN_FRAMEWORK_HEADER = YES;
				CLANG_WARN_RANGE_LOOP_ANALYSIS = YES;
				CLANG_WARN_STRICT_PROTOTYPES = YES;
				CLANG_WARN_SUSPICIOUS_MOVE = YES;
				CLANG_WARN_UNGUARDED_AVAILABILITY = YES_AGGRESSIVE;
				CLANG_WARN_UNREACHABLE_CODE = YES;
				CLANG_WARN__DUPLICATE_METHOD_MATCH = YES;
				COPY_PHASE_STRIP = NO;
				DEBUG_INFORMATION_FORMAT = "dwarf-with-dsym";
				ENABLE_NS_ASSERTIONS = NO;
				ENABLE_STRICT_OBJC_MSGSEND = YES;
				ENABLE_USER_SCRIPT_SANDBOXING = YES;
				GCC_C_LANGUAGE_STANDARD = gnu17;
				GCC_NO_COMMON_BLOCKS = YES;
				GCC_WARN_64_TO_32_BIT_CONVERSION = YES;
				GCC_WARN_ABOUT_RETURN_TYPE = YES_ERROR;
				GCC_WARN_UNDECLARED_SELECTOR = YES;
				GCC_WARN_UNINITIALIZED_AUTOS = YES_AGGRESSIVE;
				GCC_WARN_UNUSED_FUNCTION = YES;
				GCC_WARN_UNUSED_VARIABLE = YES;
				IPHONEOS_DEPLOYMENT_TARGET = 18.5;
				LOCALIZATION_PREFERS_STRING_CATALOGS = YES;
				MTL_ENABLE_DEBUG_INFO = NO;
				MTL_FAST_MATH = YES;
				SDKROOT = iphoneos;
				SWIFT_COMPILATION_MODE = wholemodule;
				VALIDATE_PRODUCT = YES;
			};
			name = Release;
		};
/* End XCBuildConfiguration section */

/* Begin XCConfigurationList section */
		6C9E791A2E62469A00EB03D6 /* Build configuration list for PBXProject "ArchitecturePatternsAppV2" */ = {
			isa = XCConfigurationList;
			buildConfigurations = (
				6C9E79352E62469B00EB03D6 /* Debug */,
				6C9E79362E62469B00EB03D6 /* Release */,
			);
			defaultConfigurationIsVisible = 0;
			defaultConfigurationName = Release;
		};
		6C9E79322E62469B00EB03D6 /* Build configuration list for PBXNativeTarget "ArchitecturePatternsAppV2" */ = {
			isa = XCConfigurationList;
			buildConfigurations = (
				6C9E79332E62469B00EB03D6 /* Debug */,
				6C9E79342E62469B00EB03D6 /* Release */,
			);
			defaultConfigurationIsVisible = 0;
			defaultConfigurationName = Release;
		};
/* End XCConfigurationList section */

/* Begin XCRemoteSwiftPackageReference section */
		6C9E7A8B2E63412A00EB03D6 /* XCRemoteSwiftPackageReference "SnapKit" */ = {
			isa = XCRemoteSwiftPackageReference;
			repositoryURL = "https://github.com/SnapKit/SnapKit.git";
			requirement = {
				kind = upToNextMajorVersion;
				minimumVersion = 5.7.1;
			};
		};
/* End XCRemoteSwiftPackageReference section */

/* Begin XCSwiftPackageProductDependency section */
		6C9E7A8C2E63412A00EB03D6 /* SnapKit */ = {
			isa = XCSwiftPackageProductDependency;
			package = 6C9E7A8B2E63412A00EB03D6 /* XCRemoteSwiftPackageReference "SnapKit" */;
			productName = SnapKit;
		};
/* End XCSwiftPackageProductDependency section */
	};
	rootObject = 6C9E79172E62469A00EB03D6 /* Project object */;
}
