// !$*UTF8*$!
{
	archiveVersion = 1;
	classes = {
	};
	objectVersion = 77;
	objects = {

/* Begin PBXBuildFile section */
		6C16D21A2E84002F0089E4CF /* SideMenuButton.swift in Sources */ = {isa = PBXBuildFile; fileRef = 6C16D2192E84002F0089E4CF /* SideMenuButton.swift */; };
		6C71C2142ED643B100E598BB /* DesignPatternsWorker.swift in Sources */ = {isa = PBXBuildFile; fileRef = 6C71C2132ED643B100E598BB /* DesignPatternsWorker.swift */; };
		6C71C2152ED643B100E598BB /* DesignPatternsInteractor.swift in Sources */ = {isa = PBXBuildFile; fileRef = 6C71C20E2ED643B100E598BB /* DesignPatternsInteractor.swift */; };
		6C71C2162ED643B100E598BB /* DesignPatternsRouter.swift in Sources */ = {isa = PBXBuildFile; fileRef = 6C71C2112ED643B100E598BB /* DesignPatternsRouter.swift */; };
		6C71C2172ED643B100E598BB /* DesignPatternsModels.swift in Sources */ = {isa = PBXBuildFile; fileRef = 6C71C20F2ED643B100E598BB /* DesignPatternsModels.swift */; };
		6C71C2182ED643B100E598BB /* DesignPatternsViewController.swift in Sources */ = {isa = PBXBuildFile; fileRef = 6C71C2122ED643B100E598BB /* DesignPatternsViewController.swift */; };
		6C71C2192ED643B100E598BB /* DesignPatternsPresenter.swift in Sources */ = {isa = PBXBuildFile; fileRef = 6C71C2102ED643B100E598BB /* DesignPatternsPresenter.swift */; };
		6C71C21B2ED749D800E598BB /* PatternHelper.swift in Sources */ = {isa = PBXBuildFile; fileRef = 6C71C21A2ED749D800E598BB /* PatternHelper.swift */; };
		6C71C2232ED85DCD00E598BB /* FavoriteRouter.swift in Sources */ = {isa = PBXBuildFile; fileRef = 6C71C2202ED85DCD00E598BB /* FavoriteRouter.swift */; };
		6C71C2242ED85DCD00E598BB /* FavoriteInteractor.swift in Sources */ = {isa = PBXBuildFile; fileRef = 6C71C21D2ED85DCD00E598BB /* FavoriteInteractor.swift */; };
		6C71C2252ED85DCD00E598BB /* FavoriteModels.swift in Sources */ = {isa = PBXBuildFile; fileRef = 6C71C21E2ED85DCD00E598BB /* FavoriteModels.swift */; };
		6C71C2262ED85DCD00E598BB /* FavoritePresenter.swift in Sources */ = {isa = PBXBuildFile; fileRef = 6C71C21F2ED85DCD00E598BB /* FavoritePresenter.swift */; };
		6C71C2272ED85DCD00E598BB /* FavoriteViewController.swift in Sources */ = {isa = PBXBuildFile; fileRef = 6C71C2212ED85DCD00E598BB /* FavoriteViewController.swift */; };
		6C71C2282ED85DCD00E598BB /* FavoriteWorker.swift in Sources */ = {isa = PBXBuildFile; fileRef = 6C71C2222ED85DCD00E598BB /* FavoriteWorker.swift */; };
		6C994E0F2E918AF9009BDF39 /* BaseContentViewController.swift in Sources */ = {isa = PBXBuildFile; fileRef = 6C994E0E2E918AF8009BDF39 /* BaseContentViewController.swift */; };
		6C994E122E918BFC009BDF39 /* OOPViewController.swift in Sources */ = {isa = PBXBuildFile; fileRef = 6C994E112E918BFC009BDF39 /* OOPViewController.swift */; };
		6C994E142E918C44009BDF39 /* ArchitecturalPatternsViewController.swift in Sources */ = {isa = PBXBuildFile; fileRef = 6C994E132E918C44009BDF39 /* ArchitecturalPatternsViewController.swift */; };
		6C994E182E918CB7009BDF39 /* SOLIDViewController.swift in Sources */ = {isa = PBXBuildFile; fileRef = 6C994E172E918CB7009BDF39 /* SOLIDViewController.swift */; };
		6C994E262E946D97009BDF39 /* BottomSheetViewController.swift in Sources */ = {isa = PBXBuildFile; fileRef = 6C994E252E946D96009BDF39 /* BottomSheetViewController.swift */; };
		6C994E2C2E9D31C4009BDF39 /* FontExtension.swift in Sources */ = {isa = PBXBuildFile; fileRef = 6C994E2B2E9D31C4009BDF39 /* FontExtension.swift */; };
		6C994E302E9FAE38009BDF39 /* ImageViewerViewController.swift in Sources */ = {isa = PBXBuildFile; fileRef = 6C994E2F2E9FAE38009BDF39 /* ImageViewerViewController.swift */; };
		6C994E322EA64E15009BDF39 /* RootViewController.swift in Sources */ = {isa = PBXBuildFile; fileRef = 6C994E312EA64E15009BDF39 /* RootViewController.swift */; };
		6C994E572EA80F7B009BDF39 /* StorageManager.swift in Sources */ = {isa = PBXBuildFile; fileRef = 6C994E562EA80F7B009BDF39 /* StorageManager.swift */; };
		6C994E592EA80FD7009BDF39 /* DataStore.swift in Sources */ = {isa = PBXBuildFile; fileRef = 6C994E582EA80FD7009BDF39 /* DataStore.swift */; };
		6C994E872EB37D84009BDF39 /* GlobalBuilder.swift in Sources */ = {isa = PBXBuildFile; fileRef = 6C994E862EB37D84009BDF39 /* GlobalBuilder.swift */; };
		6C9E79932E62517B00EB03D6 /* AppDelegate.swift in Sources */ = {isa = PBXBuildFile; fileRef = 6C9E798C2E62517B00EB03D6 /* AppDelegate.swift */; };
		6C9E79942E62517B00EB03D6 /* SceneDelegate.swift in Sources */ = {isa = PBXBuildFile; fileRef = 6C9E79912E62517B00EB03D6 /* SceneDelegate.swift */; };
		6C9E79952E62517B00EB03D6 /* .gitignore in Resources */ = {isa = PBXBuildFile; fileRef = 6C9E798B2E62517B00EB03D6 /* .gitignore */; };
		6C9E79962E62517B00EB03D6 /* Assets.xcassets in Resources */ = {isa = PBXBuildFile; fileRef = 6C9E798D2E62517B00EB03D6 /* Assets.xcassets */; };
		6C9E79982E62517B00EB03D6 /* LaunchScreen.storyboard in Resources */ = {isa = PBXBuildFile; fileRef = 6C9E79902E62517B00EB03D6 /* LaunchScreen.storyboard */; };
		6C9E79B42E62520F00EB03D6 /* PatternModel.swift in Sources */ = {isa = PBXBuildFile; fileRef = 6C9E79B32E62520F00EB03D6 /* PatternModel.swift */; };
		6C9E79B62E62521300EB03D6 /* PatternTableViewCell.swift in Sources */ = {isa = PBXBuildFile; fileRef = 6C9E79B52E62521300EB03D6 /* PatternTableViewCell.swift */; };
		6C9E7A8D2E63412A00EB03D6 /* SnapKit in Frameworks */ = {isa = PBXBuildFile; productRef = 6C9E7A8C2E63412A00EB03D6 /* SnapKit */; };
		6C9E7A8F2E63653000EB03D6 /* SF-Pro.ttf in Resources */ = {isa = PBXBuildFile; fileRef = 6C9E7A8E2E63653000EB03D6 /* SF-Pro.ttf */; };
		6CA690DB2EC3D02F00B51EF2 /* SideMenuRouter.swift in Sources */ = {isa = PBXBuildFile; fileRef = 6CA690DA2EC3D02F00B51EF2 /* SideMenuRouter.swift */; };
		6CA690DF2EC4933000B51EF2 /* EmptyRouter.swift in Sources */ = {isa = PBXBuildFile; fileRef = 6CA690DE2EC4933000B51EF2 /* EmptyRouter.swift */; };
		6CA6910E2EC5523600B51EF2 /* ArchitecturePatternsAppV2.xcdatamodeld in Sources */ = {isa = PBXBuildFile; fileRef = 6CA6910C2EC5523600B51EF2 /* ArchitecturePatternsAppV2.xcdatamodeld */; };
		6CA691112EC5546400B51EF2 /* Pattern+CoreDataClass.swift in Sources */ = {isa = PBXBuildFile; fileRef = 6CA6910F2EC5546400B51EF2 /* Pattern+CoreDataClass.swift */; };
		6CA691122EC5546400B51EF2 /* Pattern+CoreDataProperties.swift in Sources */ = {isa = PBXBuildFile; fileRef = 6CA691102EC5546400B51EF2 /* Pattern+CoreDataProperties.swift */; };
		6CA691162EC5614F00B51EF2 /* SeedPatterns.plist in Resources */ = {isa = PBXBuildFile; fileRef = 6CA691152EC5614F00B51EF2 /* SeedPatterns.plist */; };
		6CAA51B72EDA4B4500D6F6F1 /* PatternDetailsRouter.swift in Sources */ = {isa = PBXBuildFile; fileRef = 6CAA51B42EDA4B4500D6F6F1 /* PatternDetailsRouter.swift */; };
		6CAA51B82EDA4B4500D6F6F1 /* PatternDetailsNewInteractor.swift in Sources */ = {isa = PBXBuildFile; fileRef = 6CAA51B12EDA4B4500D6F6F1 /* PatternDetailsNewInteractor.swift */; };
		6CAA51B92EDA4B4500D6F6F1 /* PatternDetailsViewController.swift in Sources */ = {isa = PBXBuildFile; fileRef = 6CAA51B52EDA4B4500D6F6F1 /* PatternDetailsViewController.swift */; };
		6CAA51BA2EDA4B4500D6F6F1 /* PatternDetailsWorker.swift in Sources */ = {isa = PBXBuildFile; fileRef = 6CAA51B62EDA4B4500D6F6F1 /* PatternDetailsWorker.swift */; };
		6CAA51BB2EDA4B4500D6F6F1 /* PatternDetailsPresenter.swift in Sources */ = {isa = PBXBuildFile; fileRef = 6CAA51B32EDA4B4500D6F6F1 /* PatternDetailsPresenter.swift */; };
		6CAA51BC2EDA4B4500D6F6F1 /* PatternDetailsModels.swift in Sources */ = {isa = PBXBuildFile; fileRef = 6CAA51B22EDA4B4500D6F6F1 /* PatternDetailsModels.swift */; };
		6CAA51C42EDAD92E00D6F6F1 /* PatternCreationRouter.swift in Sources */ = {isa = PBXBuildFile; fileRef = 6CAA51C12EDAD92E00D6F6F1 /* PatternCreationRouter.swift */; };
		6CAA51C62EDAD92E00D6F6F1 /* PatternCreationWorker.swift in Sources */ = {isa = PBXBuildFile; fileRef = 6CAA51C32EDAD92E00D6F6F1 /* PatternCreationWorker.swift */; };
		6CAA51C72EDAD92E00D6F6F1 /* PatternCreationViewController.swift in Sources */ = {isa = PBXBuildFile; fileRef = 6CAA51C22EDAD92E00D6F6F1 /* PatternCreationViewController.swift */; };
		6CAA51C82EDAD92E00D6F6F1 /* PatternCreationModels.swift in Sources */ = {isa = PBXBuildFile; fileRef = 6CAA51BF2EDAD92E00D6F6F1 /* PatternCreationModels.swift */; };
		6CAA51C92EDAD92E00D6F6F1 /* PatternCreationInteractor.swift in Sources */ = {isa = PBXBuildFile; fileRef = 6CAA51BE2EDAD92E00D6F6F1 /* PatternCreationInteractor.swift */; };
		6CB1DAA12E648FE6009CF33B /* HeaderView.swift in Sources */ = {isa = PBXBuildFile; fileRef = 6CB1DAA02E648FE6009CF33B /* HeaderView.swift */; };
		6CB1DAA32E65D767009CF33B /* SideMenuViewController.swift in Sources */ = {isa = PBXBuildFile; fileRef = 6CB1DAA22E65D767009CF33B /* SideMenuViewController.swift */; };
		6CB1DABF2E6789B8009CF33B /* ContainerViewController.swift in Sources */ = {isa = PBXBuildFile; fileRef = 6CB1DABE2E6789B8009CF33B /* ContainerViewController.swift */; };
/* End PBXBuildFile section */

/* Begin PBXFileReference section */
		6C16D2192E84002F0089E4CF /* SideMenuButton.swift */ = {isa = PBXFileReference; lastKnownFileType = sourcecode.swift; path = SideMenuButton.swift; sourceTree = "<group>"; };
		6C71C20E2ED643B100E598BB /* DesignPatternsInteractor.swift */ = {isa = PBXFileReference; lastKnownFileType = sourcecode.swift; path = DesignPatternsInteractor.swift; sourceTree = "<group>"; };
		6C71C20F2ED643B100E598BB /* DesignPatternsModels.swift */ = {isa = PBXFileReference; lastKnownFileType = sourcecode.swift; path = DesignPatternsModels.swift; sourceTree = "<group>"; };
		6C71C2102ED643B100E598BB /* DesignPatternsPresenter.swift */ = {isa = PBXFileReference; lastKnownFileType = sourcecode.swift; path = DesignPatternsPresenter.swift; sourceTree = "<group>"; };
		6C71C2112ED643B100E598BB /* DesignPatternsRouter.swift */ = {isa = PBXFileReference; lastKnownFileType = sourcecode.swift; path = DesignPatternsRouter.swift; sourceTree = "<group>"; };
		6C71C2122ED643B100E598BB /* DesignPatternsViewController.swift */ = {isa = PBXFileReference; lastKnownFileType = sourcecode.swift; path = DesignPatternsViewController.swift; sourceTree = "<group>"; };
		6C71C2132ED643B100E598BB /* DesignPatternsWorker.swift */ = {isa = PBXFileReference; lastKnownFileType = sourcecode.swift; path = DesignPatternsWorker.swift; sourceTree = "<group>"; };
		6C71C21A2ED749D800E598BB /* PatternHelper.swift */ = {isa = PBXFileReference; lastKnownFileType = sourcecode.swift; path = PatternHelper.swift; sourceTree = "<group>"; };
		6C71C21D2ED85DCD00E598BB /* FavoriteInteractor.swift */ = {isa = PBXFileReference; lastKnownFileType = sourcecode.swift; path = FavoriteInteractor.swift; sourceTree = "<group>"; };
		6C71C21E2ED85DCD00E598BB /* FavoriteModels.swift */ = {isa = PBXFileReference; lastKnownFileType = sourcecode.swift; path = FavoriteModels.swift; sourceTree = "<group>"; };
		6C71C21F2ED85DCD00E598BB /* FavoritePresenter.swift */ = {isa = PBXFileReference; lastKnownFileType = sourcecode.swift; path = FavoritePresenter.swift; sourceTree = "<group>"; };
		6C71C2202ED85DCD00E598BB /* FavoriteRouter.swift */ = {isa = PBXFileReference; lastKnownFileType = sourcecode.swift; path = FavoriteRouter.swift; sourceTree = "<group>"; };
		6C71C2212ED85DCD00E598BB /* FavoriteViewController.swift */ = {isa = PBXFileReference; lastKnownFileType = sourcecode.swift; path = FavoriteViewController.swift; sourceTree = "<group>"; };
		6C71C2222ED85DCD00E598BB /* FavoriteWorker.swift */ = {isa = PBXFileReference; lastKnownFileType = sourcecode.swift; path = FavoriteWorker.swift; sourceTree = "<group>"; };
		6C994E0E2E918AF8009BDF39 /* BaseContentViewController.swift */ = {isa = PBXFileReference; lastKnownFileType = sourcecode.swift; path = BaseContentViewController.swift; sourceTree = "<group>"; };
		6C994E112E918BFC009BDF39 /* OOPViewController.swift */ = {isa = PBXFileReference; lastKnownFileType = sourcecode.swift; path = OOPViewController.swift; sourceTree = "<group>"; };
		6C994E132E918C44009BDF39 /* ArchitecturalPatternsViewController.swift */ = {isa = PBXFileReference; lastKnownFileType = sourcecode.swift; path = ArchitecturalPatternsViewController.swift; sourceTree = "<group>"; };
		6C994E172E918CB7009BDF39 /* SOLIDViewController.swift */ = {isa = PBXFileReference; lastKnownFileType = sourcecode.swift; path = SOLIDViewController.swift; sourceTree = "<group>"; };
		6C994E252E946D96009BDF39 /* BottomSheetViewController.swift */ = {isa = PBXFileReference; lastKnownFileType = sourcecode.swift; path = BottomSheetViewController.swift; sourceTree = "<group>"; };
		6C994E2B2E9D31C4009BDF39 /* FontExtension.swift */ = {isa = PBXFileReference; lastKnownFileType = sourcecode.swift; path = FontExtension.swift; sourceTree = "<group>"; };
		6C994E2F2E9FAE38009BDF39 /* ImageViewerViewController.swift */ = {isa = PBXFileReference; lastKnownFileType = sourcecode.swift; path = ImageViewerViewController.swift; sourceTree = "<group>"; };
		6C994E312EA64E15009BDF39 /* RootViewController.swift */ = {isa = PBXFileReference; lastKnownFileType = sourcecode.swift; path = RootViewController.swift; sourceTree = "<group>"; };
		6C994E562EA80F7B009BDF39 /* StorageManager.swift */ = {isa = PBXFileReference; lastKnownFileType = sourcecode.swift; path = StorageManager.swift; sourceTree = "<group>"; };
		6C994E582EA80FD7009BDF39 /* DataStore.swift */ = {isa = PBXFileReference; lastKnownFileType = sourcecode.swift; path = DataStore.swift; sourceTree = "<group>"; };
		6C994E862EB37D84009BDF39 /* GlobalBuilder.swift */ = {isa = PBXFileReference; lastKnownFileType = sourcecode.swift; path = GlobalBuilder.swift; sourceTree = "<group>"; };
		6C9E791F2E62469A00EB03D6 /* ArchitecturePatternsAppV2.app */ = {isa = PBXFileReference; explicitFileType = wrapper.application; includeInIndex = 0; path = ArchitecturePatternsAppV2.app; sourceTree = BUILT_PRODUCTS_DIR; };
		6C9E798B2E62517B00EB03D6 /* .gitignore */ = {isa = PBXFileReference; lastKnownFileType = text; path = .gitignore; sourceTree = "<group>"; };
		6C9E798C2E62517B00EB03D6 /* AppDelegate.swift */ = {isa = PBXFileReference; lastKnownFileType = sourcecode.swift; path = AppDelegate.swift; sourceTree = "<group>"; };
		6C9E798D2E62517B00EB03D6 /* Assets.xcassets */ = {isa = PBXFileReference; lastKnownFileType = folder.assetcatalog; path = Assets.xcassets; sourceTree = "<group>"; };
		6C9E798E2E62517B00EB03D6 /* Info.plist */ = {isa = PBXFileReference; lastKnownFileType = text.plist.xml; path = Info.plist; sourceTree = "<group>"; };
		6C9E798F2E62517B00EB03D6 /* Base */ = {isa = PBXFileReference; lastKnownFileType = file.storyboard; name = Base; path = Base.lproj/LaunchScreen.storyboard; sourceTree = "<group>"; };
		6C9E79912E62517B00EB03D6 /* SceneDelegate.swift */ = {isa = PBXFileReference; lastKnownFileType = sourcecode.swift; path = SceneDelegate.swift; sourceTree = "<group>"; };
		6C9E79B32E62520F00EB03D6 /* PatternModel.swift */ = {isa = PBXFileReference; lastKnownFileType = sourcecode.swift; path = PatternModel.swift; sourceTree = "<group>"; };
		6C9E79B52E62521300EB03D6 /* PatternTableViewCell.swift */ = {isa = PBXFileReference; lastKnownFileType = sourcecode.swift; path = PatternTableViewCell.swift; sourceTree = "<group>"; };
		6C9E7A8E2E63653000EB03D6 /* SF-Pro.ttf */ = {isa = PBXFileReference; lastKnownFileType = file; path = "SF-Pro.ttf"; sourceTree = "<group>"; };
		6CA690DA2EC3D02F00B51EF2 /* SideMenuRouter.swift */ = {isa = PBXFileReference; lastKnownFileType = sourcecode.swift; path = SideMenuRouter.swift; sourceTree = "<group>"; };
		6CA690DE2EC4933000B51EF2 /* EmptyRouter.swift */ = {isa = PBXFileReference; lastKnownFileType = sourcecode.swift; path = EmptyRouter.swift; sourceTree = "<group>"; };
		6CA6910D2EC5523600B51EF2 /* ArchitecturePatternsAppV2.xcdatamodel */ = {isa = PBXFileReference; lastKnownFileType = wrapper.xcdatamodel; path = ArchitecturePatternsAppV2.xcdatamodel; sourceTree = "<group>"; };
		6CA6910F2EC5546400B51EF2 /* Pattern+CoreDataClass.swift */ = {isa = PBXFileReference; lastKnownFileType = sourcecode.swift; path = "Pattern+CoreDataClass.swift"; sourceTree = "<group>"; };
		6CA691102EC5546400B51EF2 /* Pattern+CoreDataProperties.swift */ = {isa = PBXFileReference; lastKnownFileType = sourcecode.swift; path = "Pattern+CoreDataProperties.swift"; sourceTree = "<group>"; };
		6CA691152EC5614F00B51EF2 /* SeedPatterns.plist */ = {isa = PBXFileReference; lastKnownFileType = text.plist.xml; path = SeedPatterns.plist; sourceTree = "<group>"; };
		6CAA51B12EDA4B4500D6F6F1 /* PatternDetailsNewInteractor.swift */ = {isa = PBXFileReference; lastKnownFileType = sourcecode.swift; path = PatternDetailsNewInteractor.swift; sourceTree = "<group>"; };
		6CAA51B22EDA4B4500D6F6F1 /* PatternDetailsModels.swift */ = {isa = PBXFileReference; lastKnownFileType = sourcecode.swift; path = PatternDetailsModels.swift; sourceTree = "<group>"; };
		6CAA51B32EDA4B4500D6F6F1 /* PatternDetailsPresenter.swift */ = {isa = PBXFileReference; lastKnownFileType = sourcecode.swift; path = PatternDetailsPresenter.swift; sourceTree = "<group>"; };
		6CAA51B42EDA4B4500D6F6F1 /* PatternDetailsRouter.swift */ = {isa = PBXFileReference; lastKnownFileType = sourcecode.swift; path = PatternDetailsRouter.swift; sourceTree = "<group>"; };
		6CAA51B52EDA4B4500D6F6F1 /* PatternDetailsViewController.swift */ = {isa = PBXFileReference; lastKnownFileType = sourcecode.swift; path = PatternDetailsViewController.swift; sourceTree = "<group>"; };
		6CAA51B62EDA4B4500D6F6F1 /* PatternDetailsWorker.swift */ = {isa = PBXFileReference; lastKnownFileType = sourcecode.swift; path = PatternDetailsWorker.swift; sourceTree = "<group>"; };
		6CAA51BE2EDAD92E00D6F6F1 /* PatternCreationInteractor.swift */ = {isa = PBXFileReference; lastKnownFileType = sourcecode.swift; path = PatternCreationInteractor.swift; sourceTree = "<group>"; };
		6CAA51BF2EDAD92E00D6F6F1 /* PatternCreationModels.swift */ = {isa = PBXFileReference; lastKnownFileType = sourcecode.swift; path = PatternCreationModels.swift; sourceTree = "<group>"; };
		6CAA51C12EDAD92E00D6F6F1 /* PatternCreationRouter.swift */ = {isa = PBXFileReference; lastKnownFileType = sourcecode.swift; path = PatternCreationRouter.swift; sourceTree = "<group>"; };
		6CAA51C22EDAD92E00D6F6F1 /* PatternCreationViewController.swift */ = {isa = PBXFileReference; lastKnownFileType = sourcecode.swift; path = PatternCreationViewController.swift; sourceTree = "<group>"; };
		6CAA51C32EDAD92E00D6F6F1 /* PatternCreationWorker.swift */ = {isa = PBXFileReference; lastKnownFileType = sourcecode.swift; path = PatternCreationWorker.swift; sourceTree = "<group>"; };
		6CB1DAA02E648FE6009CF33B /* HeaderView.swift */ = {isa = PBXFileReference; lastKnownFileType = sourcecode.swift; path = HeaderView.swift; sourceTree = "<group>"; };
		6CB1DAA22E65D767009CF33B /* SideMenuViewController.swift */ = {isa = PBXFileReference; lastKnownFileType = sourcecode.swift; path = SideMenuViewController.swift; sourceTree = "<group>"; };
		6CB1DABE2E6789B8009CF33B /* ContainerViewController.swift */ = {isa = PBXFileReference; lastKnownFileType = sourcecode.swift; path = ContainerViewController.swift; sourceTree = "<group>"; };
/* End PBXFileReference section */

/* Begin PBXFrameworksBuildPhase section */
		6C9E791C2E62469A00EB03D6 /* Frameworks */ = {
			isa = PBXFrameworksBuildPhase;
			buildActionMask = 2147483647;
			files = (
				6C9E7A8D2E63412A00EB03D6 /* SnapKit in Frameworks */,
			);
			runOnlyForDeploymentPostprocessing = 0;
		};
/* End PBXFrameworksBuildPhase section */

/* Begin PBXGroup section */
		6C71C20C2ED6436600E598BB /* Scenes */ = {
			isa = PBXGroup;
			children = (
				6CAA51BD2EDAD8EF00D6F6F1 /* PatternCreation */,
				6CAA51B02EDA4B2300D6F6F1 /* PatternDetails */,
				6C71C21C2ED85DA800E598BB /* FavoriteCS */,
				6C71C20D2ED6438600E598BB /* DesignPatterns */,
				6CA690D72EC3CFE200B51EF2 /* SideMenu */,
				6CA690E02EC4942C00B51EF2 /* EmptyVIewModules */,
			);
			path = Scenes;
			sourceTree = "<group>";
		};
		6C71C20D2ED6438600E598BB /* DesignPatterns */ = {
			isa = PBXGroup;
			children = (
				6C71C2122ED643B100E598BB /* DesignPatternsViewController.swift */,
				6C71C2102ED643B100E598BB /* DesignPatternsPresenter.swift */,
				6C71C20E2ED643B100E598BB /* DesignPatternsInteractor.swift */,
				6C71C20F2ED643B100E598BB /* DesignPatternsModels.swift */,
				6C71C2112ED643B100E598BB /* DesignPatternsRouter.swift */,
				6C71C2132ED643B100E598BB /* DesignPatternsWorker.swift */,
			);
			path = DesignPatterns;
			sourceTree = "<group>";
		};
		6C71C21C2ED85DA800E598BB /* FavoriteCS */ = {
			isa = PBXGroup;
			children = (
				6C71C2212ED85DCD00E598BB /* FavoriteViewController.swift */,
				6C71C21D2ED85DCD00E598BB /* FavoriteInteractor.swift */,
				6C71C21F2ED85DCD00E598BB /* FavoritePresenter.swift */,
				6C71C21E2ED85DCD00E598BB /* FavoriteModels.swift */,
				6C71C2202ED85DCD00E598BB /* FavoriteRouter.swift */,
				6C71C2222ED85DCD00E598BB /* FavoriteWorker.swift */,
			);
			path = FavoriteCS;
			sourceTree = "<group>";
		};
		6C994E282E9D2F73009BDF39 /* Extensions */ = {
			isa = PBXGroup;
			children = (
				6C994E2B2E9D31C4009BDF39 /* FontExtension.swift */,
			);
			path = Extensions;
			sourceTree = "<group>";
		};
		6C994E332EA6BDEB009BDF39 /* CleanSwift */ = {
			isa = PBXGroup;
			children = (
				6C71C20C2ED6436600E598BB /* Scenes */,
				6C994E4F2EA80DB8009BDF39 /* App */,
				6C994E512EA80EA1009BDF39 /* Core */,
			);
			path = CleanSwift;
			sourceTree = "<group>";
		};
		6C994E4F2EA80DB8009BDF39 /* App */ = {
			isa = PBXGroup;
			children = (
				6C9E798C2E62517B00EB03D6 /* AppDelegate.swift */,
				6C9E79912E62517B00EB03D6 /* SceneDelegate.swift */,
				6C9E798E2E62517B00EB03D6 /* Info.plist */,
				6CA6910C2EC5523600B51EF2 /* ArchitecturePatternsAppV2.xcdatamodeld */,
				6C994E502EA80DEC009BDF39 /* Resources */,
			);
			path = App;
			sourceTree = "<group>";
		};
		6C994E502EA80DEC009BDF39 /* Resources */ = {
			isa = PBXGroup;
			children = (
				6C9E798D2E62517B00EB03D6 /* Assets.xcassets */,
				6C9E7A8E2E63653000EB03D6 /* SF-Pro.ttf */,
				6CA691152EC5614F00B51EF2 /* SeedPatterns.plist */,
			);
			path = Resources;
			sourceTree = "<group>";
		};
		6C994E512EA80EA1009BDF39 /* Core */ = {
			isa = PBXGroup;
			children = (
				6C994E552EA80F5E009BDF39 /* Data Layer */,
				6C994E522EA80EB2009BDF39 /* Base */,
				6C994E532EA80EFB009BDF39 /* ComonViews */,
				6C994E282E9D2F73009BDF39 /* Extensions */,
			);
			path = Core;
			sourceTree = "<group>";
		};
		6C994E522EA80EB2009BDF39 /* Base */ = {
			isa = PBXGroup;
			children = (
				6C994E0E2E918AF8009BDF39 /* BaseContentViewController.swift */,
				6C994E862EB37D84009BDF39 /* GlobalBuilder.swift */,
				6C994E312EA64E15009BDF39 /* RootViewController.swift */,
				6CB1DABE2E6789B8009CF33B /* ContainerViewController.swift */,
			);
			path = Base;
			sourceTree = "<group>";
		};
		6C994E532EA80EFB009BDF39 /* ComonViews */ = {
			isa = PBXGroup;
			children = (
				6C9E79B52E62521300EB03D6 /* PatternTableViewCell.swift */,
				6C16D2192E84002F0089E4CF /* SideMenuButton.swift */,
				6CB1DAA02E648FE6009CF33B /* HeaderView.swift */,
				6C994E2F2E9FAE38009BDF39 /* ImageViewerViewController.swift */,
				6C994E252E946D96009BDF39 /* BottomSheetViewController.swift */,
			);
			path = ComonViews;
			sourceTree = "<group>";
		};
		6C994E552EA80F5E009BDF39 /* Data Layer */ = {
			isa = PBXGroup;
			children = (
				6C994E582EA80FD7009BDF39 /* DataStore.swift */,
				6C994E562EA80F7B009BDF39 /* StorageManager.swift */,
				6C9E79B32E62520F00EB03D6 /* PatternModel.swift */,
				6C71C21A2ED749D800E598BB /* PatternHelper.swift */,
				6CA6910F2EC5546400B51EF2 /* Pattern+CoreDataClass.swift */,
				6CA691102EC5546400B51EF2 /* Pattern+CoreDataProperties.swift */,
			);
			path = "Data Layer";
			sourceTree = "<group>";
		};
		6C9E79162E62469A00EB03D6 = {
			isa = PBXGroup;
			children = (
				6C9E79922E62517B00EB03D6 /* ArchitecturePatternsAppV2 */,
				6C9E798B2E62517B00EB03D6 /* .gitignore */,
				6C9E79902E62517B00EB03D6 /* LaunchScreen.storyboard */,
				6C9E79202E62469A00EB03D6 /* Products */,
			);
			sourceTree = "<group>";
		};
		6C9E79202E62469A00EB03D6 /* Products */ = {
			isa = PBXGroup;
			children = (
				6C9E791F2E62469A00EB03D6 /* ArchitecturePatternsAppV2.app */,
			);
			name = Products;
			sourceTree = "<group>";
		};
		6C9E79922E62517B00EB03D6 /* ArchitecturePatternsAppV2 */ = {
			isa = PBXGroup;
			children = (
				6C994E332EA6BDEB009BDF39 /* CleanSwift */,
			);
			path = ArchitecturePatternsAppV2;
			sourceTree = "<group>";
		};
		6CA690D72EC3CFE200B51EF2 /* SideMenu */ = {
			isa = PBXGroup;
			children = (
				6CB1DAA22E65D767009CF33B /* SideMenuViewController.swift */,
				6CA690DA2EC3D02F00B51EF2 /* SideMenuRouter.swift */,
			);
			path = SideMenu;
			sourceTree = "<group>";
		};
		6CA690E02EC4942C00B51EF2 /* EmptyVIewModules */ = {
			isa = PBXGroup;
			children = (
				6CA690DE2EC4933000B51EF2 /* EmptyRouter.swift */,
				6C994E112E918BFC009BDF39 /* OOPViewController.swift */,
				6C994E172E918CB7009BDF39 /* SOLIDViewController.swift */,
				6C994E132E918C44009BDF39 /* ArchitecturalPatternsViewController.swift */,
			);
			path = EmptyVIewModules;
			sourceTree = "<group>";
		};
		6CAA51B02EDA4B2300D6F6F1 /* PatternDetails */ = {
			isa = PBXGroup;
			children = (
				6CAA51B52EDA4B4500D6F6F1 /* PatternDetailsViewController.swift */,
				6CAA51B12EDA4B4500D6F6F1 /* PatternDetailsNewInteractor.swift */,
				6CAA51B32EDA4B4500D6F6F1 /* PatternDetailsPresenter.swift */,
				6CAA51B22EDA4B4500D6F6F1 /* PatternDetailsModels.swift */,
				6CAA51B42EDA4B4500D6F6F1 /* PatternDetailsRouter.swift */,
				6CAA51B62EDA4B4500D6F6F1 /* PatternDetailsWorker.swift */,
			);
			path = PatternDetails;
			sourceTree = "<group>";
		};
		6CAA51BD2EDAD8EF00D6F6F1 /* PatternCreation */ = {
			isa = PBXGroup;
			children = (
				6CAA51C22EDAD92E00D6F6F1 /* PatternCreationViewController.swift */,
				6CAA51BE2EDAD92E00D6F6F1 /* PatternCreationInteractor.swift */,
				6CAA51BF2EDAD92E00D6F6F1 /* PatternCreationModels.swift */,
				6CAA51C12EDAD92E00D6F6F1 /* PatternCreationRouter.swift */,
				6CAA51C32EDAD92E00D6F6F1 /* PatternCreationWorker.swift */,
			);
			path = PatternCreation;
			sourceTree = "<group>";
		};
/* End PBXGroup section */

/* Begin PBXNativeTarget section */
		6C9E791E2E62469A00EB03D6 /* ArchitecturePatternsAppV2 */ = {
			isa = PBXNativeTarget;
			buildConfigurationList = 6C9E79322E62469B00EB03D6 /* Build configuration list for PBXNativeTarget "ArchitecturePatternsAppV2" */;
			buildPhases = (
				6C9E791B2E62469A00EB03D6 /* Sources */,
				6C9E791C2E62469A00EB03D6 /* Frameworks */,
				6C9E791D2E62469A00EB03D6 /* Resources */,
			);
			buildRules = (
			);
			dependencies = (
			);
			name = ArchitecturePatternsAppV2;
			packageProductDependencies = (
				6C9E7A8C2E63412A00EB03D6 /* SnapKit */,
			);
			productName = ArchitecturePatternsAppV2;
			productReference = 6C9E791F2E62469A00EB03D6 /* ArchitecturePatternsAppV2.app */;
			productType = "com.apple.product-type.application";
		};
/* End PBXNativeTarget section */

/* Begin PBXProject section */
		6C9E79172E62469A00EB03D6 /* Project object */ = {
			isa = PBXProject;
			attributes = {
				BuildIndependentTargetsInParallel = 1;
				LastSwiftUpdateCheck = 1640;
				LastUpgradeCheck = 1640;
				TargetAttributes = {
					6C9E791E2E62469A00EB03D6 = {
						CreatedOnToolsVersion = 16.4;
					};
				};
			};
			buildConfigurationList = 6C9E791A2E62469A00EB03D6 /* Build configuration list for PBXProject "ArchitecturePatternsAppV2" */;
			developmentRegion = en;
			hasScannedForEncodings = 0;
			knownRegions = (
				en,
				Base,
			);
			mainGroup = 6C9E79162E62469A00EB03D6;
			minimizedProjectReferenceProxies = 1;
			packageReferences = (
				6C9E7A8B2E63412A00EB03D6 /* XCRemoteSwiftPackageReference "SnapKit" */,
			);
			preferredProjectObjectVersion = 77;
			productRefGroup = 6C9E79202E62469A00EB03D6 /* Products */;
			projectDirPath = "";
			projectRoot = "";
			targets = (
				6C9E791E2E62469A00EB03D6 /* ArchitecturePatternsAppV2 */,
			);
		};
/* End PBXProject section */

/* Begin PBXResourcesBuildPhase section */
		6C9E791D2E62469A00EB03D6 /* Resources */ = {
			isa = PBXResourcesBuildPhase;
			buildActionMask = 2147483647;
			files = (
				6C9E79952E62517B00EB03D6 /* .gitignore in Resources */,
				6C9E7A8F2E63653000EB03D6 /* SF-Pro.ttf in Resources */,
				6CA691162EC5614F00B51EF2 /* SeedPatterns.plist in Resources */,
				6C9E79962E62517B00EB03D6 /* Assets.xcassets in Resources */,
				6C9E79982E62517B00EB03D6 /* LaunchScreen.storyboard in Resources */,
			);
			runOnlyForDeploymentPostprocessing = 0;
		};
/* End PBXResourcesBuildPhase section */

/* Begin PBXSourcesBuildPhase section */
		6C9E791B2E62469A00EB03D6 /* Sources */ = {
			isa = PBXSourcesBuildPhase;
			buildActionMask = 2147483647;
			files = (
				6C994E302E9FAE38009BDF39 /* ImageViewerViewController.swift in Sources */,
				6C994E142E918C44009BDF39 /* ArchitecturalPatternsViewController.swift in Sources */,
				6C994E262E946D97009BDF39 /* BottomSheetViewController.swift in Sources */,
				6C71C21B2ED749D800E598BB /* PatternHelper.swift in Sources */,
				6C16D21A2E84002F0089E4CF /* SideMenuButton.swift in Sources */,
				6C71C2142ED643B100E598BB /* DesignPatternsWorker.swift in Sources */,
				6C71C2152ED643B100E598BB /* DesignPatternsInteractor.swift in Sources */,
				6C71C2162ED643B100E598BB /* DesignPatternsRouter.swift in Sources */,
				6C71C2172ED643B100E598BB /* DesignPatternsModels.swift in Sources */,
				6C71C2182ED643B100E598BB /* DesignPatternsViewController.swift in Sources */,
				6C71C2192ED643B100E598BB /* DesignPatternsPresenter.swift in Sources */,
				6C994E592EA80FD7009BDF39 /* DataStore.swift in Sources */,
				6C9E79B62E62521300EB03D6 /* PatternTableViewCell.swift in Sources */,
				6CAA51C42EDAD92E00D6F6F1 /* PatternCreationRouter.swift in Sources */,
				6CAA51C62EDAD92E00D6F6F1 /* PatternCreationWorker.swift in Sources */,
				6CAA51C72EDAD92E00D6F6F1 /* PatternCreationViewController.swift in Sources */,
				6CAA51C82EDAD92E00D6F6F1 /* PatternCreationModels.swift in Sources */,
				6CAA51C92EDAD92E00D6F6F1 /* PatternCreationInteractor.swift in Sources */,
				6CB1DAA12E648FE6009CF33B /* HeaderView.swift in Sources */,
				6C994E2C2E9D31C4009BDF39 /* FontExtension.swift in Sources */,
				6C994E872EB37D84009BDF39 /* GlobalBuilder.swift in Sources */,
				6CA691112EC5546400B51EF2 /* Pattern+CoreDataClass.swift in Sources */,
				6CA691122EC5546400B51EF2 /* Pattern+CoreDataProperties.swift in Sources */,
				6CB1DABF2E6789B8009CF33B /* ContainerViewController.swift in Sources */,
				6C9E79B42E62520F00EB03D6 /* PatternModel.swift in Sources */,
				6CA690DB2EC3D02F00B51EF2 /* SideMenuRouter.swift in Sources */,
				6C994E322EA64E15009BDF39 /* RootViewController.swift in Sources */,
				6CA6910E2EC5523600B51EF2 /* ArchitecturePatternsAppV2.xcdatamodeld in Sources */,
				6C994E0F2E918AF9009BDF39 /* BaseContentViewController.swift in Sources */,
				6CA690DF2EC4933000B51EF2 /* EmptyRouter.swift in Sources */,
				6C9E79932E62517B00EB03D6 /* AppDelegate.swift in Sources */,
				6CAA51B72EDA4B4500D6F6F1 /* PatternDetailsRouter.swift in Sources */,
				6CAA51B82EDA4B4500D6F6F1 /* PatternDetailsNewInteractor.swift in Sources */,
				6CAA51B92EDA4B4500D6F6F1 /* PatternDetailsViewController.swift in Sources */,
				6CAA51BA2EDA4B4500D6F6F1 /* PatternDetailsWorker.swift in Sources */,
				6CAA51BB2EDA4B4500D6F6F1 /* PatternDetailsPresenter.swift in Sources */,
				6CAA51BC2EDA4B4500D6F6F1 /* PatternDetailsModels.swift in Sources */,
				6C9E79942E62517B00EB03D6 /* SceneDelegate.swift in Sources */,
				6C994E122E918BFC009BDF39 /* OOPViewController.swift in Sources */,
				6C994E182E918CB7009BDF39 /* SOLIDViewController.swift in Sources */,
				6C71C2232ED85DCD00E598BB /* FavoriteRouter.swift in Sources */,
				6C71C2242ED85DCD00E598BB /* FavoriteInteractor.swift in Sources */,
				6C71C2252ED85DCD00E598BB /* FavoriteModels.swift in Sources */,
				6C71C2262ED85DCD00E598BB /* FavoritePresenter.swift in Sources */,
				6C71C2272ED85DCD00E598BB /* FavoriteViewController.swift in Sources */,
				6C71C2282ED85DCD00E598BB /* FavoriteWorker.swift in Sources */,
				6CB1DAA32E65D767009CF33B /* SideMenuViewController.swift in Sources */,
				6C994E572EA80F7B009BDF39 /* StorageManager.swift in Sources */,
			);
			runOnlyForDeploymentPostprocessing = 0;
		};
/* End PBXSourcesBuildPhase section */

/* Begin PBXVariantGroup section */
		6C9E79902E62517B00EB03D6 /* LaunchScreen.storyboard */ = {
			isa = PBXVariantGroup;
			children = (
				6C9E798F2E62517B00EB03D6 /* Base */,
			);
			name = LaunchScreen.storyboard;
			sourceTree = "<group>";
		};
/* End PBXVariantGroup section */

/* Begin XCBuildConfiguration section */
		6C9E79332E62469B00EB03D6 /* Debug */ = {
			isa = XCBuildConfiguration;
			buildSettings = {
				ASSETCATALOG_COMPILER_APPICON_NAME = AppIcon;
				ASSETCATALOG_COMPILER_GLOBAL_ACCENT_COLOR_NAME = AccentColor;
				CODE_SIGN_STYLE = Automatic;
				CURRENT_PROJECT_VERSION = 1;
				GENERATE_INFOPLIST_FILE = YES;
				INFOPLIST_FILE = ArchitecturePatternsAppV2/CleanSwift/App/Info.plist;
				INFOPLIST_KEY_UIApplicationSupportsIndirectInputEvents = YES;
				INFOPLIST_KEY_UILaunchStoryboardName = LaunchScreen;
				INFOPLIST_KEY_UISupportedInterfaceOrientations_iPad = "UIInterfaceOrientationPortrait UIInterfaceOrientationPortraitUpsideDown UIInterfaceOrientationLandscapeLeft UIInterfaceOrientationLandscapeRight";
				INFOPLIST_KEY_UISupportedInterfaceOrientations_iPhone = "UIInterfaceOrientationPortrait UIInterfaceOrientationLandscapeLeft UIInterfaceOrientationLandscapeRight";
				IPHONEOS_DEPLOYMENT_TARGET = 15.6;
				LD_RUNPATH_SEARCH_PATHS = (
					"$(inherited)",
					"@executable_path/Frameworks",
				);
				MARKETING_VERSION = 1.0;
				PRODUCT_BUNDLE_IDENTIFIER = OZ.ArchitecturePatternsAppV2;
				PRODUCT_NAME = "$(TARGET_NAME)";
				SUPPORTED_PLATFORMS = "iphoneos iphonesimulator";
				SUPPORTS_MACCATALYST = NO;
				SUPPORTS_MAC_DESIGNED_FOR_IPHONE_IPAD = NO;
				SUPPORTS_XR_DESIGNED_FOR_IPHONE_IPAD = NO;
				SWIFT_EMIT_LOC_STRINGS = YES;
				SWIFT_VERSION = 5.0;
				TARGETED_DEVICE_FAMILY = 1;
			};
			name = Debug;
		};
		6C9E79342E62469B00EB03D6 /* Release */ = {
			isa = XCBuildConfiguration;
			buildSettings = {
				ASSETCATALOG_COMPILER_APPICON_NAME = AppIcon;
				ASSETCATALOG_COMPILER_GLOBAL_ACCENT_COLOR_NAME = AccentColor;
				CODE_SIGN_STYLE = Automatic;
				CURRENT_PROJECT_VERSION = 1;
				GENERATE_INFOPLIST_FILE = YES;
				INFOPLIST_FILE = ArchitecturePatternsAppV2/CleanSwift/App/Info.plist;
				INFOPLIST_KEY_UIApplicationSupportsIndirectInputEvents = YES;
				INFOPLIST_KEY_UILaunchStoryboardName = LaunchScreen;
				INFOPLIST_KEY_UISupportedInterfaceOrientations_iPad = "UIInterfaceOrientationPortrait UIInterfaceOrientationPortraitUpsideDown UIInterfaceOrientationLandscapeLeft UIInterfaceOrientationLandscapeRight";
				INFOPLIST_KEY_UISupportedInterfaceOrientations_iPhone = "UIInterfaceOrientationPortrait UIInterfaceOrientationLandscapeLeft UIInterfaceOrientationLandscapeRight";
				IPHONEOS_DEPLOYMENT_TARGET = 15.6;
				LD_RUNPATH_SEARCH_PATHS = (
					"$(inherited)",
					"@executable_path/Frameworks",
				);
				MARKETING_VERSION = 1.0;
				PRODUCT_BUNDLE_IDENTIFIER = OZ.ArchitecturePatternsAppV2;
				PRODUCT_NAME = "$(TARGET_NAME)";
				SUPPORTED_PLATFORMS = "iphoneos iphonesimulator";
				SUPPORTS_MACCATALYST = NO;
				SUPPORTS_MAC_DESIGNED_FOR_IPHONE_IPAD = NO;
				SUPPORTS_XR_DESIGNED_FOR_IPHONE_IPAD = NO;
				SWIFT_EMIT_LOC_STRINGS = YES;
				SWIFT_VERSION = 5.0;
				TARGETED_DEVICE_FAMILY = 1;
			};
			name = Release;
		};
		6C9E79352E62469B00EB03D6 /* Debug */ = {
			isa = XCBuildConfiguration;
			buildSettings = {
				ALWAYS_SEARCH_USER_PATHS = NO;
				ASSETCATALOG_COMPILER_GENERATE_SWIFT_ASSET_SYMBOL_EXTENSIONS = YES;
				CLANG_ANALYZER_NONNULL = YES;
				CLANG_ANALYZER_NUMBER_OBJECT_CONVERSION = YES_AGGRESSIVE;
				CLANG_CXX_LANGUAGE_STANDARD = "gnu++20";
				CLANG_ENABLE_MODULES = YES;
				CLANG_ENABLE_OBJC_ARC = YES;
				CLANG_ENABLE_OBJC_WEAK = YES;
				CLANG_WARN_BLOCK_CAPTURE_AUTORELEASING = YES;
				CLANG_WARN_BOOL_CONVERSION = YES;
				CLANG_WARN_COMMA = YES;
				CLANG_WARN_CONSTANT_CONVERSION = YES;
				CLANG_WARN_DEPRECATED_OBJC_IMPLEMENTATIONS = YES;
				CLANG_WARN_DIRECT_OBJC_ISA_USAGE = YES_ERROR;
				CLANG_WARN_DOCUMENTATION_COMMENTS = YES;
				CLANG_WARN_EMPTY_BODY = YES;
				CLANG_WARN_ENUM_CONVERSION = YES;
				CLANG_WARN_INFINITE_RECURSION = YES;
				CLANG_WARN_INT_CONVERSION = YES;
				CLANG_WARN_NON_LITERAL_NULL_CONVERSION = YES;
				CLANG_WARN_OBJC_IMPLICIT_RETAIN_SELF = YES;
				CLANG_WARN_OBJC_LITERAL_CONVERSION = YES;
				CLANG_WARN_OBJC_ROOT_CLASS = YES_ERROR;
				CLANG_WARN_QUOTED_INCLUDE_IN_FRAMEWORK_HEADER = YES;
				CLANG_WARN_RANGE_LOOP_ANALYSIS = YES;
				CLANG_WARN_STRICT_PROTOTYPES = YES;
				CLANG_WARN_SUSPICIOUS_MOVE = YES;
				CLANG_WARN_UNGUARDED_AVAILABILITY = YES_AGGRESSIVE;
				CLANG_WARN_UNREACHABLE_CODE = YES;
				CLANG_WARN__DUPLICATE_METHOD_MATCH = YES;
				COPY_PHASE_STRIP = NO;
				DEBUG_INFORMATION_FORMAT = dwarf;
				ENABLE_STRICT_OBJC_MSGSEND = YES;
				ENABLE_TESTABILITY = YES;
				ENABLE_USER_SCRIPT_SANDBOXING = YES;
				GCC_C_LANGUAGE_STANDARD = gnu17;
				GCC_DYNAMIC_NO_PIC = NO;
				GCC_NO_COMMON_BLOCKS = YES;
				GCC_OPTIMIZATION_LEVEL = 0;
				GCC_PREPROCESSOR_DEFINITIONS = (
					"DEBUG=1",
					"$(inherited)",
				);
				GCC_WARN_64_TO_32_BIT_CONVERSION = YES;
				GCC_WARN_ABOUT_RETURN_TYPE = YES_ERROR;
				GCC_WARN_UNDECLARED_SELECTOR = YES;
				GCC_WARN_UNINITIALIZED_AUTOS = YES_AGGRESSIVE;
				GCC_WARN_UNUSED_FUNCTION = YES;
				GCC_WARN_UNUSED_VARIABLE = YES;
				IPHONEOS_DEPLOYMENT_TARGET = 18.5;
				LOCALIZATION_PREFERS_STRING_CATALOGS = YES;
				MTL_ENABLE_DEBUG_INFO = INCLUDE_SOURCE;
				MTL_FAST_MATH = YES;
				ONLY_ACTIVE_ARCH = YES;
				SDKROOT = iphoneos;
				SWIFT_ACTIVE_COMPILATION_CONDITIONS = "DEBUG $(inherited)";
				SWIFT_OPTIMIZATION_LEVEL = "-Onone";
			};
			name = Debug;
		};
		6C9E79362E62469B00EB03D6 /* Release */ = {
			isa = XCBuildConfiguration;
			buildSettings = {
				ALWAYS_SEARCH_USER_PATHS = NO;
				ASSETCATALOG_COMPILER_GENERATE_SWIFT_ASSET_SYMBOL_EXTENSIONS = YES;
				CLANG_ANALYZER_NONNULL = YES;
				CLANG_ANALYZER_NUMBER_OBJECT_CONVERSION = YES_AGGRESSIVE;
				CLANG_CXX_LANGUAGE_STANDARD = "gnu++20";
				CLANG_ENABLE_MODULES = YES;
				CLANG_ENABLE_OBJC_ARC = YES;
				CLANG_ENABLE_OBJC_WEAK = YES;
				CLANG_WARN_BLOCK_CAPTURE_AUTORELEASING = YES;
				CLANG_WARN_BOOL_CONVERSION = YES;
				CLANG_WARN_COMMA = YES;
				CLANG_WARN_CONSTANT_CONVERSION = YES;
				CLANG_WARN_DEPRECATED_OBJC_IMPLEMENTATIONS = YES;
				CLANG_WARN_DIRECT_OBJC_ISA_USAGE = YES_ERROR;
				CLANG_WARN_DOCUMENTATION_COMMENTS = YES;
				CLANG_WARN_EMPTY_BODY = YES;
				CLANG_WARN_ENUM_CONVERSION = YES;
				CLANG_WARN_INFINITE_RECURSION = YES;
				CLANG_WARN_INT_CONVERSION = YES;
				CLANG_WARN_NON_LITERAL_NULL_CONVERSION = YES;
				CLANG_WARN_OBJC_IMPLICIT_RETAIN_SELF = YES;
				CLANG_WARN_OBJC_LITERAL_CONVERSION = YES;
				CLANG_WARN_OBJC_ROOT_CLASS = YES_ERROR;
				CLANG_WARN_QUOTED_INCLUDE_IN_FRAMEWORK_HEADER = YES;
				CLANG_WARN_RANGE_LOOP_ANALYSIS = YES;
				CLANG_WARN_STRICT_PROTOTYPES = YES;
				CLANG_WARN_SUSPICIOUS_MOVE = YES;
				CLANG_WARN_UNGUARDED_AVAILABILITY = YES_AGGRESSIVE;
				CLANG_WARN_UNREACHABLE_CODE = YES;
				CLANG_WARN__DUPLICATE_METHOD_MATCH = YES;
				COPY_PHASE_STRIP = NO;
				DEBUG_INFORMATION_FORMAT = "dwarf-with-dsym";
				ENABLE_NS_ASSERTIONS = NO;
				ENABLE_STRICT_OBJC_MSGSEND = YES;
				ENABLE_USER_SCRIPT_SANDBOXING = YES;
				GCC_C_LANGUAGE_STANDARD = gnu17;
				GCC_NO_COMMON_BLOCKS = YES;
				GCC_WARN_64_TO_32_BIT_CONVERSION = YES;
				GCC_WARN_ABOUT_RETURN_TYPE = YES_ERROR;
				GCC_WARN_UNDECLARED_SELECTOR = YES;
				GCC_WARN_UNINITIALIZED_AUTOS = YES_AGGRESSIVE;
				GCC_WARN_UNUSED_FUNCTION = YES;
				GCC_WARN_UNUSED_VARIABLE = YES;
				IPHONEOS_DEPLOYMENT_TARGET = 18.5;
				LOCALIZATION_PREFERS_STRING_CATALOGS = YES;
				MTL_ENABLE_DEBUG_INFO = NO;
				MTL_FAST_MATH = YES;
				SDKROOT = iphoneos;
				SWIFT_COMPILATION_MODE = wholemodule;
				VALIDATE_PRODUCT = YES;
			};
			name = Release;
		};
/* End XCBuildConfiguration section */

/* Begin XCConfigurationList section */
		6C9E791A2E62469A00EB03D6 /* Build configuration list for PBXProject "ArchitecturePatternsAppV2" */ = {
			isa = XCConfigurationList;
			buildConfigurations = (
				6C9E79352E62469B00EB03D6 /* Debug */,
				6C9E79362E62469B00EB03D6 /* Release */,
			);
			defaultConfigurationIsVisible = 0;
			defaultConfigurationName = Release;
		};
		6C9E79322E62469B00EB03D6 /* Build configuration list for PBXNativeTarget "ArchitecturePatternsAppV2" */ = {
			isa = XCConfigurationList;
			buildConfigurations = (
				6C9E79332E62469B00EB03D6 /* Debug */,
				6C9E79342E62469B00EB03D6 /* Release */,
			);
			defaultConfigurationIsVisible = 0;
			defaultConfigurationName = Release;
		};
/* End XCConfigurationList section */

/* Begin XCRemoteSwiftPackageReference section */
		6C9E7A8B2E63412A00EB03D6 /* XCRemoteSwiftPackageReference "SnapKit" */ = {
			isa = XCRemoteSwiftPackageReference;
			repositoryURL = "https://github.com/SnapKit/SnapKit.git";
			requirement = {
				kind = upToNextMajorVersion;
				minimumVersion = 5.7.1;
			};
		};
/* End XCRemoteSwiftPackageReference section */

/* Begin XCSwiftPackageProductDependency section */
		6C9E7A8C2E63412A00EB03D6 /* SnapKit */ = {
			isa = XCSwiftPackageProductDependency;
			package = 6C9E7A8B2E63412A00EB03D6 /* XCRemoteSwiftPackageReference "SnapKit" */;
			productName = SnapKit;
		};
/* End XCSwiftPackageProductDependency section */

/* Begin XCVersionGroup section */
		6CA6910C2EC5523600B51EF2 /* ArchitecturePatternsAppV2.xcdatamodeld */ = {
			isa = XCVersionGroup;
			children = (
				6CA6910D2EC5523600B51EF2 /* ArchitecturePatternsAppV2.xcdatamodel */,
			);
			currentVersion = 6CA6910D2EC5523600B51EF2 /* ArchitecturePatternsAppV2.xcdatamodel */;
			path = ArchitecturePatternsAppV2.xcdatamodeld;
			sourceTree = "<group>";
			versionGroupType = wrapper.xcdatamodel;
		};
/* End XCVersionGroup section */
	};
	rootObject = 6C9E79172E62469A00EB03D6 /* Project object */;
}
